
Microsoft Visual Studio Solution File, Format Version 12.00
# Visual Studio Version 17
VisualStudioVersion = 17.14.36203.30
MinimumVisualStudioVersion = 10.0.40219.1
Project("{FAE04EC0-301F-11D3-BF4B-00C04F79EFBC}") = "InvoiceManager", "InvoiceManager\InvoiceManager.csproj", "{063E010D-0B7B-4654-9818-2569CDF709E5}"
EndProject
Project("{FAE04EC0-301F-11D3-BF4B-00C04F79EFBC}") = "InvoiceManager.Tests", "InvoiceManager.Tests\InvoiceManager.Tests.csproj", "{C961C37D-6CB6-4B4D-8F18-2854BD6AA7C1}"
EndProject
Global
	GlobalSection(SolutionConfigurationPlatforms) = preSolution
		Debug|Any CPU = Debug|Any CPU
		Release|Any CPU = Release|Any CPU
	EndGlobalSection
	GlobalSection(ProjectConfigurationPlatforms) = postSolution
		{063E010D-0B7B-4654-9818-2569CDF709E5}.Debug|Any CPU.ActiveCfg = Debug|Any CPU
		{063E010D-0B7B-4654-9818-2569CDF709E5}.Debug|Any CPU.Build.0 = Debug|Any CPU
		{063E010D-0B7B-4654-9818-2569CDF709E5}.Release|Any CPU.ActiveCfg = Release|Any CPU
		{C961C37D-6CB6-4B4D-8F18-2854BD6AA7C1}.Debug|Any CPU.ActiveCfg = Debug|Any CPU
		{C961C37D-6CB6-4B4D-8F18-2854BD6AA7C1}.Debug|Any CPU.Build.0 = Debug|Any CPU
		{C961C37D-6CB6-4B4D-8F18-2854BD6AA7C1}.Release|Any CPU.ActiveCfg = Release|Any CPU
		{C961C37D-6CB6-4B4D-8F18-2854BD6AA7C1}.Release|Any CPU.Build.0 = Release|Any CPU
	EndGlobalSection
	GlobalSection(SolutionProperties) = preSolution
		HideSolutionNode = FALSE
	EndGlobalSection
	GlobalSection(ExtensibilityGlobals) = postSolution
		SolutionGuid = {2510DE94-A08F-4241-B43D-5322EF5D1CB8}
	EndGlobalSection
EndGlobal
